
Microsoft Visual Studio Solution File, Format Version 12.00
# Visual Studio 15
VisualStudioVersion = 15.0.28307.271
MinimumVisualStudioVersion = 10.0.40219.1
Project("{FAE04EC0-301F-11D3-BF4B-00C04F79EFBC}") = "NVL9.Samples.SSApiTest1", "NVL9.Samples.SSApiTest1\NVL9.Samples.SSApiTest1\NVL9.Samples.SSApiTest1.csproj", "{CF36BF58-D08F-425A-9A6A-D0A86C506110}"
EndProject
Project("{FAE04EC0-301F-11D3-BF4B-00C04F79EFBC}") = "NVL9.Samples.SSApiTest1.ServiceModel", "NVL9.Samples.SSApiTest1\NVL9.Samples.SSApiTest1.ServiceModel\NVL9.Samples.SSApiTest1.ServiceModel.csproj", "{8D6DE92C-637E-4433-9810-98D7FBCEA6BA}"
EndProject
Project("{FAE04EC0-301F-11D3-BF4B-00C04F79EFBC}") = "NVL9.Samples.SSApiTest1.ServiceInterface", "NVL9.Samples.SSApiTest1\NVL9.Samples.SSApiTest1.ServiceInterface\NVL9.Samples.SSApiTest1.ServiceInterface.csproj", "{130DED02-5984-487C-93DD-0D264EED140E}"
EndProject
Project("{FAE04EC0-301F-11D3-BF4B-00C04F79EFBC}") = "NVL9.Samples.SSApiTest1.Tests", "NVL9.Samples.SSApiTest1\NVL9.Samples.SSApiTest1.Tests\NVL9.Samples.SSApiTest1.Tests.csproj", "{12B06E45-12F5-4E56-ADB4-5879D98D3105}"
EndProject
Project("{2150E333-8FDC-42A3-9474-1A3956D46DE8}") = "_Clients", "_Clients", "{7F326E9A-9E68-4373-8F54-E34BF2FE01CC}"
EndProject
Project("{2150E333-8FDC-42A3-9474-1A3956D46DE8}") = "Tests", "Tests", "{4D77EA93-8DF0-478B-8A53-1AFBC69158FF}"
EndProject
Project("{2150E333-8FDC-42A3-9474-1A3956D46DE8}") = "Framework", "Framework", "{FB5D3D5E-E689-4720-BCC6-5B562F6D3724}"
EndProject
Project("{2150E333-8FDC-42A3-9474-1A3956D46DE8}") = "Business", "Business", "{854C2F1E-07A0-4FF8-BB49-48C44007005D}"
EndProject
Project("{FAE04EC0-301F-11D3-BF4B-00C04F79EFBC}") = "NVL9.Business", "Business\NVL9.Business\NVL9.Business.csproj", "{B33F3AB5-5B7E-42B5-93D6-300C5700BAD3}"
EndProject
Project("{FAE04EC0-301F-11D3-BF4B-00C04F79EFBC}") = "NVL9", "Framework\NVL9\NVL9.csproj", "{9E362684-A0C1-423D-B592-1AB4B804DD6A}"
EndProject
Project("{FAE04EC0-301F-11D3-BF4B-00C04F79EFBC}") = "NVL9.Models", "Framework\NVL9.Models\NVL9.Models.csproj", "{4942732F-4A61-42F8-A413-F1FDA7D7E073}"
EndProject
Project("{2150E333-8FDC-42A3-9474-1A3956D46DE8}") = "DataAcces", "DataAcces", "{74EBB073-2A51-4FB1-9373-FA2F0D4EBF75}"
EndProject
Project("{FAE04EC0-301F-11D3-BF4B-00C04F79EFBC}") = "NVL9.DataAccess", "DataAccess\NVL9.DataAccess\NVL9.DataAccess.csproj", "{98203F87-78D4-46B5-9AB0-1DEFA0CFBF5E}"
EndProject
Global
	GlobalSection(SolutionConfigurationPlatforms) = preSolution
		Debug|Any CPU = Debug|Any CPU
		local|Any CPU = local|Any CPU
		Release|Any CPU = Release|Any CPU
		TestCD|Any CPU = TestCD|Any CPU
		TestCM|Any CPU = TestCM|Any CPU
	EndGlobalSection
	GlobalSection(ProjectConfigurationPlatforms) = postSolution
		{CF36BF58-D08F-425A-9A6A-D0A86C506110}.Debug|Any CPU.ActiveCfg = Debug|Any CPU
		{CF36BF58-D08F-425A-9A6A-D0A86C506110}.Debug|Any CPU.Build.0 = Debug|Any CPU
		{CF36BF58-D08F-425A-9A6A-D0A86C506110}.local|Any CPU.ActiveCfg = local|Any CPU
		{CF36BF58-D08F-425A-9A6A-D0A86C506110}.local|Any CPU.Build.0 = local|Any CPU
		{CF36BF58-D08F-425A-9A6A-D0A86C506110}.Release|Any CPU.ActiveCfg = Release|Any CPU
		{CF36BF58-D08F-425A-9A6A-D0A86C506110}.Release|Any CPU.Build.0 = Release|Any CPU
		{CF36BF58-D08F-425A-9A6A-D0A86C506110}.TestCD|Any CPU.ActiveCfg = TestCD|Any CPU
		{CF36BF58-D08F-425A-9A6A-D0A86C506110}.TestCD|Any CPU.Build.0 = TestCD|Any CPU
		{CF36BF58-D08F-425A-9A6A-D0A86C506110}.TestCM|Any CPU.ActiveCfg = TestCM|Any CPU
		{CF36BF58-D08F-425A-9A6A-D0A86C506110}.TestCM|Any CPU.Build.0 = TestCM|Any CPU
		{8D6DE92C-637E-4433-9810-98D7FBCEA6BA}.Debug|Any CPU.ActiveCfg = Debug|Any CPU
		{8D6DE92C-637E-4433-9810-98D7FBCEA6BA}.Debug|Any CPU.Build.0 = Debug|Any CPU
		{8D6DE92C-637E-4433-9810-98D7FBCEA6BA}.local|Any CPU.ActiveCfg = local|Any CPU
		{8D6DE92C-637E-4433-9810-98D7FBCEA6BA}.local|Any CPU.Build.0 = local|Any CPU
		{8D6DE92C-637E-4433-9810-98D7FBCEA6BA}.Release|Any CPU.ActiveCfg = Release|Any CPU
		{8D6DE92C-637E-4433-9810-98D7FBCEA6BA}.Release|Any CPU.Build.0 = Release|Any CPU
		{8D6DE92C-637E-4433-9810-98D7FBCEA6BA}.TestCD|Any CPU.ActiveCfg = TestCD|Any CPU
		{8D6DE92C-637E-4433-9810-98D7FBCEA6BA}.TestCD|Any CPU.Build.0 = TestCD|Any CPU
		{8D6DE92C-637E-4433-9810-98D7FBCEA6BA}.TestCM|Any CPU.ActiveCfg = TestCM|Any CPU
		{8D6DE92C-637E-4433-9810-98D7FBCEA6BA}.TestCM|Any CPU.Build.0 = TestCM|Any CPU
		{130DED02-5984-487C-93DD-0D264EED140E}.Debug|Any CPU.ActiveCfg = Debug|Any CPU
		{130DED02-5984-487C-93DD-0D264EED140E}.Debug|Any CPU.Build.0 = Debug|Any CPU
		{130DED02-5984-487C-93DD-0D264EED140E}.local|Any CPU.ActiveCfg = local|Any CPU
		{130DED02-5984-487C-93DD-0D264EED140E}.local|Any CPU.Build.0 = local|Any CPU
		{130DED02-5984-487C-93DD-0D264EED140E}.Release|Any CPU.ActiveCfg = Release|Any CPU
		{130DED02-5984-487C-93DD-0D264EED140E}.Release|Any CPU.Build.0 = Release|Any CPU
		{130DED02-5984-487C-93DD-0D264EED140E}.TestCD|Any CPU.ActiveCfg = TestCD|Any CPU
		{130DED02-5984-487C-93DD-0D264EED140E}.TestCD|Any CPU.Build.0 = TestCD|Any CPU
		{130DED02-5984-487C-93DD-0D264EED140E}.TestCM|Any CPU.ActiveCfg = TestCM|Any CPU
		{130DED02-5984-487C-93DD-0D264EED140E}.TestCM|Any CPU.Build.0 = TestCM|Any CPU
		{12B06E45-12F5-4E56-ADB4-5879D98D3105}.Debug|Any CPU.ActiveCfg = Debug|Any CPU
		{12B06E45-12F5-4E56-ADB4-5879D98D3105}.Debug|Any CPU.Build.0 = Debug|Any CPU
		{12B06E45-12F5-4E56-ADB4-5879D98D3105}.local|Any CPU.ActiveCfg = local|Any CPU
		{12B06E45-12F5-4E56-ADB4-5879D98D3105}.local|Any CPU.Build.0 = local|Any CPU
		{12B06E45-12F5-4E56-ADB4-5879D98D3105}.Release|Any CPU.ActiveCfg = Release|Any CPU
		{12B06E45-12F5-4E56-ADB4-5879D98D3105}.Release|Any CPU.Build.0 = Release|Any CPU
		{12B06E45-12F5-4E56-ADB4-5879D98D3105}.TestCD|Any CPU.ActiveCfg = TestCD|Any CPU
		{12B06E45-12F5-4E56-ADB4-5879D98D3105}.TestCD|Any CPU.Build.0 = TestCD|Any CPU
		{12B06E45-12F5-4E56-ADB4-5879D98D3105}.TestCM|Any CPU.ActiveCfg = TestCM|Any CPU
		{12B06E45-12F5-4E56-ADB4-5879D98D3105}.TestCM|Any CPU.Build.0 = TestCM|Any CPU
		{B33F3AB5-5B7E-42B5-93D6-300C5700BAD3}.Debug|Any CPU.ActiveCfg = Debug|Any CPU
		{B33F3AB5-5B7E-42B5-93D6-300C5700BAD3}.Debug|Any CPU.Build.0 = Debug|Any CPU
		{B33F3AB5-5B7E-42B5-93D6-300C5700BAD3}.local|Any CPU.ActiveCfg = local|Any CPU
		{B33F3AB5-5B7E-42B5-93D6-300C5700BAD3}.local|Any CPU.Build.0 = local|Any CPU
		{B33F3AB5-5B7E-42B5-93D6-300C5700BAD3}.Release|Any CPU.ActiveCfg = Release|Any CPU
		{B33F3AB5-5B7E-42B5-93D6-300C5700BAD3}.Release|Any CPU.Build.0 = Release|Any CPU
		{B33F3AB5-5B7E-42B5-93D6-300C5700BAD3}.TestCD|Any CPU.ActiveCfg = TestCD|Any CPU
		{B33F3AB5-5B7E-42B5-93D6-300C5700BAD3}.TestCD|Any CPU.Build.0 = TestCD|Any CPU
		{B33F3AB5-5B7E-42B5-93D6-300C5700BAD3}.TestCM|Any CPU.ActiveCfg = TestCM|Any CPU
		{B33F3AB5-5B7E-42B5-93D6-300C5700BAD3}.TestCM|Any CPU.Build.0 = TestCM|Any CPU
		{9E362684-A0C1-423D-B592-1AB4B804DD6A}.Debug|Any CPU.ActiveCfg = Debug|Any CPU
		{9E362684-A0C1-423D-B592-1AB4B804DD6A}.Debug|Any CPU.Build.0 = Debug|Any CPU
		{9E362684-A0C1-423D-B592-1AB4B804DD6A}.local|Any CPU.ActiveCfg = local|Any CPU
		{9E362684-A0C1-423D-B592-1AB4B804DD6A}.local|Any CPU.Build.0 = local|Any CPU
		{9E362684-A0C1-423D-B592-1AB4B804DD6A}.Release|Any CPU.ActiveCfg = Release|Any CPU
		{9E362684-A0C1-423D-B592-1AB4B804DD6A}.Release|Any CPU.Build.0 = Release|Any CPU
		{9E362684-A0C1-423D-B592-1AB4B804DD6A}.TestCD|Any CPU.ActiveCfg = TestCD|Any CPU
		{9E362684-A0C1-423D-B592-1AB4B804DD6A}.TestCD|Any CPU.Build.0 = TestCD|Any CPU
		{9E362684-A0C1-423D-B592-1AB4B804DD6A}.TestCM|Any CPU.ActiveCfg = TestCM|Any CPU
		{9E362684-A0C1-423D-B592-1AB4B804DD6A}.TestCM|Any CPU.Build.0 = TestCM|Any CPU
		{4942732F-4A61-42F8-A413-F1FDA7D7E073}.Debug|Any CPU.ActiveCfg = Debug|Any CPU
		{4942732F-4A61-42F8-A413-F1FDA7D7E073}.Debug|Any CPU.Build.0 = Debug|Any CPU
		{4942732F-4A61-42F8-A413-F1FDA7D7E073}.local|Any CPU.ActiveCfg = local|Any CPU
		{4942732F-4A61-42F8-A413-F1FDA7D7E073}.local|Any CPU.Build.0 = local|Any CPU
		{4942732F-4A61-42F8-A413-F1FDA7D7E073}.Release|Any CPU.ActiveCfg = Release|Any CPU
		{4942732F-4A61-42F8-A413-F1FDA7D7E073}.Release|Any CPU.Build.0 = Release|Any CPU
		{4942732F-4A61-42F8-A413-F1FDA7D7E073}.TestCD|Any CPU.ActiveCfg = TestCD|Any CPU
		{4942732F-4A61-42F8-A413-F1FDA7D7E073}.TestCD|Any CPU.Build.0 = TestCD|Any CPU
		{4942732F-4A61-42F8-A413-F1FDA7D7E073}.TestCM|Any CPU.ActiveCfg = TestCM|Any CPU
		{4942732F-4A61-42F8-A413-F1FDA7D7E073}.TestCM|Any CPU.Build.0 = TestCM|Any CPU
		{98203F87-78D4-46B5-9AB0-1DEFA0CFBF5E}.Debug|Any CPU.ActiveCfg = Debug|Any CPU
		{98203F87-78D4-46B5-9AB0-1DEFA0CFBF5E}.Debug|Any CPU.Build.0 = Debug|Any CPU
		{98203F87-78D4-46B5-9AB0-1DEFA0CFBF5E}.local|Any CPU.ActiveCfg = Release|Any CPU
		{98203F87-78D4-46B5-9AB0-1DEFA0CFBF5E}.local|Any CPU.Build.0 = Release|Any CPU
		{98203F87-78D4-46B5-9AB0-1DEFA0CFBF5E}.Release|Any CPU.ActiveCfg = Release|Any CPU
		{98203F87-78D4-46B5-9AB0-1DEFA0CFBF5E}.Release|Any CPU.Build.0 = Release|Any CPU
		{98203F87-78D4-46B5-9AB0-1DEFA0CFBF5E}.TestCD|Any CPU.ActiveCfg = Release|Any CPU
		{98203F87-78D4-46B5-9AB0-1DEFA0CFBF5E}.TestCD|Any CPU.Build.0 = Release|Any CPU
		{98203F87-78D4-46B5-9AB0-1DEFA0CFBF5E}.TestCM|Any CPU.ActiveCfg = Release|Any CPU
		{98203F87-78D4-46B5-9AB0-1DEFA0CFBF5E}.TestCM|Any CPU.Build.0 = Release|Any CPU
	EndGlobalSection
	GlobalSection(SolutionProperties) = preSolution
		HideSolutionNode = FALSE
	EndGlobalSection
	GlobalSection(NestedProjects) = preSolution
		{CF36BF58-D08F-425A-9A6A-D0A86C506110} = {7F326E9A-9E68-4373-8F54-E34BF2FE01CC}
		{8D6DE92C-637E-4433-9810-98D7FBCEA6BA} = {7F326E9A-9E68-4373-8F54-E34BF2FE01CC}
		{130DED02-5984-487C-93DD-0D264EED140E} = {7F326E9A-9E68-4373-8F54-E34BF2FE01CC}
		{12B06E45-12F5-4E56-ADB4-5879D98D3105} = {4D77EA93-8DF0-478B-8A53-1AFBC69158FF}
		{B33F3AB5-5B7E-42B5-93D6-300C5700BAD3} = {854C2F1E-07A0-4FF8-BB49-48C44007005D}
		{9E362684-A0C1-423D-B592-1AB4B804DD6A} = {FB5D3D5E-E689-4720-BCC6-5B562F6D3724}
		{4942732F-4A61-42F8-A413-F1FDA7D7E073} = {FB5D3D5E-E689-4720-BCC6-5B562F6D3724}
		{98203F87-78D4-46B5-9AB0-1DEFA0CFBF5E} = {74EBB073-2A51-4FB1-9373-FA2F0D4EBF75}
	EndGlobalSection
	GlobalSection(ExtensibilityGlobals) = postSolution
		SolutionGuid = {5D08C04A-62A6-4A9F-940F-B6B9598EA67C}
	EndGlobalSection
EndGlobal
